# THIS IS AN AUTOGENERATED FILE. DO NOT EDIT THIS FILE DIRECTLY.
# yarn lockfile v1


"@napi-rs/cli@^2.16.1":
  version "2.16.1"
  resolved "https://registry.yarnpkg.com/@napi-rs/cli/-/cli-2.16.1.tgz#912e1169be6ff8bb5e1e22bb702adcc5e73e232b"
  integrity sha512-L0Gr5iEQIDEbvWdDr1HUaBOxBSHL1VZhWSk1oryawoT8qJIY+KGfLFelU+Qma64ivCPbxYpkfPoKYVG3rcoGIA==
